{
  "name": "font-selector",
  "version": "1.0.0",
  "lockfileVersion": 1,
  "requires": true,
  "dependencies": {
    "fs-extra": {
      "version": "7.0.1",
      "resolved": "http://r.npm.sankuai.com/fs-extra/download/fs-extra-7.0.1.tgz",
      "integrity": "sha1-TxicRKoSO4lfcigE9V6iPq3DSOk=",
      "requires": {
        "graceful-fs": "^4.1.2",
        "jsonfile": "^4.0.0",
        "universalify": "^0.1.0"
      }
    },
    "graceful-fs": {
      "version": "4.1.15",
      "resolved": "http://r.npm.sankuai.com/graceful-fs/download/graceful-fs-4.1.15.tgz",
      "integrity": "sha1-/7cD4QZuig7qpMi4C6klPu77+wA="
    },
    "jsonfile": {
      "version": "4.0.0",
      "resolved": "http://r.npm.sankuai.com/jsonfile/download/jsonfile-4.0.0.tgz",
      "integrity": "sha1-h3Gq4HmbZAdrdmQPygWPnBDjPss=",
      "requires": {
        "graceful-fs": "^4.1.6"
      }
    },
    "opentype.js": {
      "version": "0.11.0",
      "resolved": "http://r.npm.sankuai.com/opentype.js/download/opentype.js-0.11.0.tgz",
      "integrity": "sha1-MQ8/uF8JymzyKsjPVA32e0GMM1E=",
      "requires": {
        "string.prototype.codepointat": "^0.2.1",
        "tiny-inflate": "^1.0.2"
      }
    },
    "string.prototype.codepointat": {
      "version": "0.2.1",
      "resolved": "http://r.npm.sankuai.com/string.prototype.codepointat/download/string.prototype.codepointat-0.2.1.tgz",
      "integrity": "sha1-AErUTIr8cnUnsQjNRitNlxzUabw="
    },
    "tiny-inflate": {
      "version": "1.0.2",
      "resolved": "http://r.npm.sankuai.com/tiny-inflate/download/tiny-inflate-1.0.2.tgz",
      "integrity": "sha1-k9nez/yIBb1X6uQxDwt0Xptvs6c="
    },
    "universalify": {
      "version": "0.1.2",
      "resolved": "http://r.npm.sankuai.com/universalify/download/universalify-0.1.2.tgz",
      "integrity": "sha1-tkb2m+OULavOzJ1mOcgNwQXvqmY="
    }
  }
}
